
Microsoft Visual Studio Solution File, Format Version 12.00
# Visual Studio 2012
Project("{FAE04EC0-301F-11D3-BF4B-00C04F79EFBC}") = "monkeyarmy.jungle", "monkeyarmy.jungle\monkeyarmy.jungle.csproj", "{62778163-26FD-497C-BED8-4B062B324357}"
EndProject
Project("{FAE04EC0-301F-11D3-BF4B-00C04F79EFBC}") = "monkeyarmy.test", "monkeyarmy.test\monkeyarmy.test.csproj", "{EE9D89E9-B297-4C70-8651-A3FE52C84EB1}"
EndProject
Project("{2150E333-8FDC-42A3-9474-1A3956D46DE8}") = ".nuget", ".nuget", "{DD034089-D59E-4015-86FA-6BA7D1953F35}"
	ProjectSection(SolutionItems) = preProject
		.nuget\NuGet.Config = .nuget\NuGet.Config
		.nuget\NuGet.exe = .nuget\NuGet.exe
		.nuget\NuGet.targets = .nuget\NuGet.targets
	EndProjectSection
EndProject
Global
	GlobalSection(SolutionConfigurationPlatforms) = preSolution
		Debug|Any CPU = Debug|Any CPU
		Release|Any CPU = Release|Any CPU
	EndGlobalSection
	GlobalSection(ProjectConfigurationPlatforms) = postSolution
		{62778163-26FD-497C-BED8-4B062B324357}.Debug|Any CPU.ActiveCfg = Debug|Any CPU
		{62778163-26FD-497C-BED8-4B062B324357}.Debug|Any CPU.Build.0 = Debug|Any CPU
		{62778163-26FD-497C-BED8-4B062B324357}.Release|Any CPU.ActiveCfg = Release|Any CPU
		{62778163-26FD-497C-BED8-4B062B324357}.Release|Any CPU.Build.0 = Release|Any CPU
		{EE9D89E9-B297-4C70-8651-A3FE52C84EB1}.Debug|Any CPU.ActiveCfg = Debug|Any CPU
		{EE9D89E9-B297-4C70-8651-A3FE52C84EB1}.Debug|Any CPU.Build.0 = Debug|Any CPU
		{EE9D89E9-B297-4C70-8651-A3FE52C84EB1}.Release|Any CPU.ActiveCfg = Release|Any CPU
		{EE9D89E9-B297-4C70-8651-A3FE52C84EB1}.Release|Any CPU.Build.0 = Release|Any CPU
	EndGlobalSection
	GlobalSection(SolutionProperties) = preSolution
		HideSolutionNode = FALSE
	EndGlobalSection
EndGlobal
